{
  "name": "webtop",
  "version": "1.0.0",
  "lockfileVersion": 3,
  "requires": true,
  "packages": {
    "": {
      "name": "webtop",
      "version": "1.0.0",
      "license": "ISC",
      "dependencies": {
        "preact": "^10.13.2"
      }
    },
    "node_modules/preact": {
      "version": "10.13.2",
      "resolved": "https://registry.npmjs.org/preact/-/preact-10.13.2.tgz",
      "integrity": "sha512-q44QFLhOhty2Bd0Y46fnYW0gD/cbVM9dUVtNTDKPcdXSMA7jfY+Jpd6rk3GB0lcQss0z5s/6CmVP0Z/hV+g6pw==",
      "funding": {
        "type": "opencollective",
        "url": "https://opencollective.com/preact"
      }
    }
  }
}
